
Microsoft Visual Studio Solution File, Format Version 12.00
# Visual Studio Version 16
VisualStudioVersion = 16.0.30709.132
MinimumVisualStudioVersion = 10.0.40219.1
Project("{2150E333-8FDC-42A3-9474-1A3956D46DE8}") = "Components", "Components", "{8705FE0C-5AA7-4779-9337-49F162EBBCB5}"
EndProject
Project("{2150E333-8FDC-42A3-9474-1A3956D46DE8}") = "Solution Items", "Solution Items", "{89A0C354-959F-4959-83FC-171883D7460B}"
	ProjectSection(SolutionItems) = preProject
		Directory.Build.props = Directory.Build.props
	EndProjectSection
EndProject
Project("{9A19103F-16F7-4668-BE54-9A1E7A4F7556}") = "BlazorFluentUI.BFUIcon", "src\BlazorFluentUI.BFUIcon\BlazorFluentUI.BFUIcon.csproj", "{27B7AAAD-1134-4660-BA8F-7864F49A5AE6}"
EndProject
Project("{9A19103F-16F7-4668-BE54-9A1E7A4F7556}") = "BlazorFluentUI.BFULayer", "src\BlazorFluentUI.BFULayer\BlazorFluentUI.BFULayer.csproj", "{6E7407A5-0AE1-4E9A-AC10-3706522F3806}"
EndProject
Project("{2150E333-8FDC-42A3-9474-1A3956D46DE8}") = "Demo", "Demo", "{E3B81B9D-1FAB-4EBF-93B7-22821C42E959}"
EndProject
Project("{2150E333-8FDC-42A3-9474-1A3956D46DE8}") = "ServerSide", "ServerSide", "{4F4C7E62-2905-41AD-B19F-B96BD06792A1}"
EndProject
Project("{9A19103F-16F7-4668-BE54-9A1E7A4F7556}") = "BlazorFluentUI.Demo.ServerSide", "Demo\BlazorFluentUI.Demo.ServerSide\BlazorFluentUI.Demo.ServerSide.csproj", "{610D3A44-314B-476D-AB69-5E56CC0D4B0F}"
EndProject
Project("{2150E333-8FDC-42A3-9474-1A3956D46DE8}") = "Shared", "Shared", "{7982B57A-B530-4827-94FB-FA3D5FC28FCE}"
EndProject
Project("{9A19103F-16F7-4668-BE54-9A1E7A4F7556}") = "BlazorFluentUI.Demo.Shared", "Demo\BlazorFluentUI.Demo.Shared\BlazorFluentUI.Demo.Shared.csproj", "{F92E1D3E-2B6D-4C89-8368-CA77C68C4678}"
EndProject
Project("{9A19103F-16F7-4668-BE54-9A1E7A4F7556}") = "BlazorFluentUI.BFUStack", "src\BlazorFluentUI.BFUStack\BlazorFluentUI.BFUStack.csproj", "{E4A2CFF3-D6A0-43E8-9805-F255C0159096}"
EndProject
Project("{9A19103F-16F7-4668-BE54-9A1E7A4F7556}") = "BlazorFluentUI.BFUPopup", "src\BlazorFluentUI.BFUPopup\BlazorFluentUI.BFUPopup.csproj", "{FFC9A4B0-9DDB-4F86-82D6-3B9BFC278F5F}"
EndProject
Project("{9A19103F-16F7-4668-BE54-9A1E7A4F7556}") = "BlazorFluentUI.BFUResponsiveLayout", "src\BlazorFluentUI.BFUResponsiveLayout\BlazorFluentUI.BFUResponsiveLayout.csproj", "{14A2B637-9FEB-4F90-91BF-6B2A80DA10BE}"
EndProject
Project("{9A19103F-16F7-4668-BE54-9A1E7A4F7556}") = "BlazorFluentUI.BFUButton", "src\BlazorFluentUI.BFUButton\BlazorFluentUI.BFUButton.csproj", "{E7DFBA45-B354-49A1-BFEC-17B4EF69635A}"
EndProject
Project("{9A19103F-16F7-4668-BE54-9A1E7A4F7556}") = "BlazorFluentUI.AllComponents", "src\BlazorFluentUI.AllComponents\BlazorFluentUI.AllComponents.csproj", "{89D97A26-65FB-46FF-A285-B922A8CBEF74}"
EndProject
Project("{9A19103F-16F7-4668-BE54-9A1E7A4F7556}") = "BlazorFluentUI.BFUContextualMenu", "src\BlazorFluentUI.BFUContextualMenu\BlazorFluentUI.BFUContextualMenu.csproj", "{2228B814-A5E6-4640-BFB2-15757E5F32A4}"
EndProject
Project("{9A19103F-16F7-4668-BE54-9A1E7A4F7556}") = "BlazorFluentUI.BFUFocusZone", "src\BlazorFluentUI.BFUFocusZone\BlazorFluentUI.BFUFocusZone.csproj", "{ABBAD4A3-7E3F-4E1D-A974-90044139D685}"
EndProject
Project("{9A19103F-16F7-4668-BE54-9A1E7A4F7556}") = "BlazorFluentUI.BFULabel", "src\BlazorFluentUI.BFULabel\BlazorFluentUI.BFULabel.csproj", "{440DDFAC-9619-4A34-AB8F-F17E28D5F83E}"
EndProject
Project("{9A19103F-16F7-4668-BE54-9A1E7A4F7556}") = "BlazorFluentUI.BFUTheme", "src\BlazorFluentUI.BFUTheme\BlazorFluentUI.BFUTheme.csproj", "{944A804B-0048-4E21-944F-8BF9341598ED}"
EndProject
Project("{9A19103F-16F7-4668-BE54-9A1E7A4F7556}") = "BlazorFluentUI.BFUImage", "src\BlazorFluentUI.BFUImage\BlazorFluentUI.BFUImage.csproj", "{2958C23B-BDDD-4AC2-A51A-3F7DE735FF5B}"
EndProject
Project("{9A19103F-16F7-4668-BE54-9A1E7A4F7556}") = "BlazorFluentUI.BFULink", "src\BlazorFluentUI.BFULink\BlazorFluentUI.BFULink.csproj", "{3C78F002-9A81-46C6-AA6B-40A33B2FBD6C}"
EndProject
Project("{9A19103F-16F7-4668-BE54-9A1E7A4F7556}") = "BlazorFluentUI.BFUBaseComponent", "src\BlazorFluentUI.BFUBaseComponent\BlazorFluentUI.BFUBaseComponent.csproj", "{C74D5748-0F37-4472-B828-C0E0E7E4944B}"
EndProject
Project("{2150E333-8FDC-42A3-9474-1A3956D46DE8}") = "ClientSide", "ClientSide", "{AF6D0F5E-61AA-4EE6-9027-A70F9827E93B}"
EndProject
Project("{9A19103F-16F7-4668-BE54-9A1E7A4F7556}") = "BlazorFluentUI.Demo.ClientSide", "Demo\BlazorFluentUI.Demo.ClientSide\BlazorFluentUI.Demo.ClientSide.csproj", "{EB33723B-4401-459A-84A5-A8588B2410CE}"
EndProject
Project("{9A19103F-16F7-4668-BE54-9A1E7A4F7556}") = "BlazorFluentUI.BFUText", "src\BlazorFluentUI.BFUText\BlazorFluentUI.BFUText.csproj", "{0D294410-7380-4E2A-A11C-1305EC2348EE}"
EndProject
Project("{FAE04EC0-301F-11D3-BF4B-00C04F79EFBC}") = "BlazorFluentUI.BFUList", "src\BlazorFluentUI.BFUList\BlazorFluentUI.BFUList.csproj", "{D983D921-363B-43FC-9DFD-5FA6B8466C53}"
EndProject
Global
	GlobalSection(SolutionConfigurationPlatforms) = preSolution
		Debug|Any CPU = Debug|Any CPU
		Release|Any CPU = Release|Any CPU
	EndGlobalSection
	GlobalSection(ProjectConfigurationPlatforms) = postSolution
		{27B7AAAD-1134-4660-BA8F-7864F49A5AE6}.Debug|Any CPU.ActiveCfg = Debug|Any CPU
		{27B7AAAD-1134-4660-BA8F-7864F49A5AE6}.Debug|Any CPU.Build.0 = Debug|Any CPU
		{27B7AAAD-1134-4660-BA8F-7864F49A5AE6}.Release|Any CPU.ActiveCfg = Release|Any CPU
		{27B7AAAD-1134-4660-BA8F-7864F49A5AE6}.Release|Any CPU.Build.0 = Release|Any CPU
		{6E7407A5-0AE1-4E9A-AC10-3706522F3806}.Debug|Any CPU.ActiveCfg = Debug|Any CPU
		{6E7407A5-0AE1-4E9A-AC10-3706522F3806}.Debug|Any CPU.Build.0 = Debug|Any CPU
		{6E7407A5-0AE1-4E9A-AC10-3706522F3806}.Release|Any CPU.ActiveCfg = Release|Any CPU
		{6E7407A5-0AE1-4E9A-AC10-3706522F3806}.Release|Any CPU.Build.0 = Release|Any CPU
		{610D3A44-314B-476D-AB69-5E56CC0D4B0F}.Debug|Any CPU.ActiveCfg = Debug|Any CPU
		{610D3A44-314B-476D-AB69-5E56CC0D4B0F}.Debug|Any CPU.Build.0 = Debug|Any CPU
		{610D3A44-314B-476D-AB69-5E56CC0D4B0F}.Release|Any CPU.ActiveCfg = Release|Any CPU
		{610D3A44-314B-476D-AB69-5E56CC0D4B0F}.Release|Any CPU.Build.0 = Release|Any CPU
		{F92E1D3E-2B6D-4C89-8368-CA77C68C4678}.Debug|Any CPU.ActiveCfg = Debug|Any CPU
		{F92E1D3E-2B6D-4C89-8368-CA77C68C4678}.Debug|Any CPU.Build.0 = Debug|Any CPU
		{F92E1D3E-2B6D-4C89-8368-CA77C68C4678}.Release|Any CPU.ActiveCfg = Release|Any CPU
		{F92E1D3E-2B6D-4C89-8368-CA77C68C4678}.Release|Any CPU.Build.0 = Release|Any CPU
		{E4A2CFF3-D6A0-43E8-9805-F255C0159096}.Debug|Any CPU.ActiveCfg = Debug|Any CPU
		{E4A2CFF3-D6A0-43E8-9805-F255C0159096}.Debug|Any CPU.Build.0 = Debug|Any CPU
		{E4A2CFF3-D6A0-43E8-9805-F255C0159096}.Release|Any CPU.ActiveCfg = Release|Any CPU
		{E4A2CFF3-D6A0-43E8-9805-F255C0159096}.Release|Any CPU.Build.0 = Release|Any CPU
		{FFC9A4B0-9DDB-4F86-82D6-3B9BFC278F5F}.Debug|Any CPU.ActiveCfg = Debug|Any CPU
		{FFC9A4B0-9DDB-4F86-82D6-3B9BFC278F5F}.Debug|Any CPU.Build.0 = Debug|Any CPU
		{FFC9A4B0-9DDB-4F86-82D6-3B9BFC278F5F}.Release|Any CPU.ActiveCfg = Release|Any CPU
		{FFC9A4B0-9DDB-4F86-82D6-3B9BFC278F5F}.Release|Any CPU.Build.0 = Release|Any CPU
		{14A2B637-9FEB-4F90-91BF-6B2A80DA10BE}.Debug|Any CPU.ActiveCfg = Debug|Any CPU
		{14A2B637-9FEB-4F90-91BF-6B2A80DA10BE}.Debug|Any CPU.Build.0 = Debug|Any CPU
		{14A2B637-9FEB-4F90-91BF-6B2A80DA10BE}.Release|Any CPU.ActiveCfg = Release|Any CPU
		{14A2B637-9FEB-4F90-91BF-6B2A80DA10BE}.Release|Any CPU.Build.0 = Release|Any CPU
		{E7DFBA45-B354-49A1-BFEC-17B4EF69635A}.Debug|Any CPU.ActiveCfg = Debug|Any CPU
		{E7DFBA45-B354-49A1-BFEC-17B4EF69635A}.Debug|Any CPU.Build.0 = Debug|Any CPU
		{E7DFBA45-B354-49A1-BFEC-17B4EF69635A}.Release|Any CPU.ActiveCfg = Release|Any CPU
		{E7DFBA45-B354-49A1-BFEC-17B4EF69635A}.Release|Any CPU.Build.0 = Release|Any CPU
		{89D97A26-65FB-46FF-A285-B922A8CBEF74}.Debug|Any CPU.ActiveCfg = Debug|Any CPU
		{89D97A26-65FB-46FF-A285-B922A8CBEF74}.Debug|Any CPU.Build.0 = Debug|Any CPU
		{89D97A26-65FB-46FF-A285-B922A8CBEF74}.Release|Any CPU.ActiveCfg = Release|Any CPU
		{89D97A26-65FB-46FF-A285-B922A8CBEF74}.Release|Any CPU.Build.0 = Release|Any CPU
		{2228B814-A5E6-4640-BFB2-15757E5F32A4}.Debug|Any CPU.ActiveCfg = Debug|Any CPU
		{2228B814-A5E6-4640-BFB2-15757E5F32A4}.Debug|Any CPU.Build.0 = Debug|Any CPU
		{2228B814-A5E6-4640-BFB2-15757E5F32A4}.Release|Any CPU.ActiveCfg = Release|Any CPU
		{2228B814-A5E6-4640-BFB2-15757E5F32A4}.Release|Any CPU.Build.0 = Release|Any CPU
		{ABBAD4A3-7E3F-4E1D-A974-90044139D685}.Debug|Any CPU.ActiveCfg = Debug|Any CPU
		{ABBAD4A3-7E3F-4E1D-A974-90044139D685}.Debug|Any CPU.Build.0 = Debug|Any CPU
		{ABBAD4A3-7E3F-4E1D-A974-90044139D685}.Release|Any CPU.ActiveCfg = Release|Any CPU
		{ABBAD4A3-7E3F-4E1D-A974-90044139D685}.Release|Any CPU.Build.0 = Release|Any CPU
		{440DDFAC-9619-4A34-AB8F-F17E28D5F83E}.Debug|Any CPU.ActiveCfg = Debug|Any CPU
		{440DDFAC-9619-4A34-AB8F-F17E28D5F83E}.Debug|Any CPU.Build.0 = Debug|Any CPU
		{440DDFAC-9619-4A34-AB8F-F17E28D5F83E}.Release|Any CPU.ActiveCfg = Release|Any CPU
		{440DDFAC-9619-4A34-AB8F-F17E28D5F83E}.Release|Any CPU.Build.0 = Release|Any CPU
		{944A804B-0048-4E21-944F-8BF9341598ED}.Debug|Any CPU.ActiveCfg = Debug|Any CPU
		{944A804B-0048-4E21-944F-8BF9341598ED}.Debug|Any CPU.Build.0 = Debug|Any CPU
		{944A804B-0048-4E21-944F-8BF9341598ED}.Release|Any CPU.ActiveCfg = Release|Any CPU
		{944A804B-0048-4E21-944F-8BF9341598ED}.Release|Any CPU.Build.0 = Release|Any CPU
		{2958C23B-BDDD-4AC2-A51A-3F7DE735FF5B}.Debug|Any CPU.ActiveCfg = Debug|Any CPU
		{2958C23B-BDDD-4AC2-A51A-3F7DE735FF5B}.Debug|Any CPU.Build.0 = Debug|Any CPU
		{2958C23B-BDDD-4AC2-A51A-3F7DE735FF5B}.Release|Any CPU.ActiveCfg = Release|Any CPU
		{2958C23B-BDDD-4AC2-A51A-3F7DE735FF5B}.Release|Any CPU.Build.0 = Release|Any CPU
		{3C78F002-9A81-46C6-AA6B-40A33B2FBD6C}.Debug|Any CPU.ActiveCfg = Debug|Any CPU
		{3C78F002-9A81-46C6-AA6B-40A33B2FBD6C}.Debug|Any CPU.Build.0 = Debug|Any CPU
		{3C78F002-9A81-46C6-AA6B-40A33B2FBD6C}.Release|Any CPU.ActiveCfg = Release|Any CPU
		{3C78F002-9A81-46C6-AA6B-40A33B2FBD6C}.Release|Any CPU.Build.0 = Release|Any CPU
		{C74D5748-0F37-4472-B828-C0E0E7E4944B}.Debug|Any CPU.ActiveCfg = Debug|Any CPU
		{C74D5748-0F37-4472-B828-C0E0E7E4944B}.Debug|Any CPU.Build.0 = Debug|Any CPU
		{C74D5748-0F37-4472-B828-C0E0E7E4944B}.Release|Any CPU.ActiveCfg = Release|Any CPU
		{C74D5748-0F37-4472-B828-C0E0E7E4944B}.Release|Any CPU.Build.0 = Release|Any CPU
		{EB33723B-4401-459A-84A5-A8588B2410CE}.Debug|Any CPU.ActiveCfg = Debug|Any CPU
		{EB33723B-4401-459A-84A5-A8588B2410CE}.Debug|Any CPU.Build.0 = Debug|Any CPU
		{EB33723B-4401-459A-84A5-A8588B2410CE}.Release|Any CPU.ActiveCfg = Release|Any CPU
		{EB33723B-4401-459A-84A5-A8588B2410CE}.Release|Any CPU.Build.0 = Release|Any CPU
		{0D294410-7380-4E2A-A11C-1305EC2348EE}.Debug|Any CPU.ActiveCfg = Debug|Any CPU
		{0D294410-7380-4E2A-A11C-1305EC2348EE}.Debug|Any CPU.Build.0 = Debug|Any CPU
		{0D294410-7380-4E2A-A11C-1305EC2348EE}.Release|Any CPU.ActiveCfg = Release|Any CPU
		{0D294410-7380-4E2A-A11C-1305EC2348EE}.Release|Any CPU.Build.0 = Release|Any CPU
		{D983D921-363B-43FC-9DFD-5FA6B8466C53}.Debug|Any CPU.ActiveCfg = Debug|Any CPU
		{D983D921-363B-43FC-9DFD-5FA6B8466C53}.Debug|Any CPU.Build.0 = Debug|Any CPU
		{D983D921-363B-43FC-9DFD-5FA6B8466C53}.Release|Any CPU.ActiveCfg = Release|Any CPU
		{D983D921-363B-43FC-9DFD-5FA6B8466C53}.Release|Any CPU.Build.0 = Release|Any CPU
	EndGlobalSection
	GlobalSection(SolutionProperties) = preSolution
		HideSolutionNode = FALSE
	EndGlobalSection
	GlobalSection(NestedProjects) = preSolution
		{27B7AAAD-1134-4660-BA8F-7864F49A5AE6} = {8705FE0C-5AA7-4779-9337-49F162EBBCB5}
		{6E7407A5-0AE1-4E9A-AC10-3706522F3806} = {8705FE0C-5AA7-4779-9337-49F162EBBCB5}
		{4F4C7E62-2905-41AD-B19F-B96BD06792A1} = {E3B81B9D-1FAB-4EBF-93B7-22821C42E959}
		{610D3A44-314B-476D-AB69-5E56CC0D4B0F} = {4F4C7E62-2905-41AD-B19F-B96BD06792A1}
		{7982B57A-B530-4827-94FB-FA3D5FC28FCE} = {E3B81B9D-1FAB-4EBF-93B7-22821C42E959}
		{F92E1D3E-2B6D-4C89-8368-CA77C68C4678} = {7982B57A-B530-4827-94FB-FA3D5FC28FCE}
		{E4A2CFF3-D6A0-43E8-9805-F255C0159096} = {8705FE0C-5AA7-4779-9337-49F162EBBCB5}
		{FFC9A4B0-9DDB-4F86-82D6-3B9BFC278F5F} = {8705FE0C-5AA7-4779-9337-49F162EBBCB5}
		{14A2B637-9FEB-4F90-91BF-6B2A80DA10BE} = {8705FE0C-5AA7-4779-9337-49F162EBBCB5}
		{E7DFBA45-B354-49A1-BFEC-17B4EF69635A} = {8705FE0C-5AA7-4779-9337-49F162EBBCB5}
		{89D97A26-65FB-46FF-A285-B922A8CBEF74} = {8705FE0C-5AA7-4779-9337-49F162EBBCB5}
		{2228B814-A5E6-4640-BFB2-15757E5F32A4} = {8705FE0C-5AA7-4779-9337-49F162EBBCB5}
		{ABBAD4A3-7E3F-4E1D-A974-90044139D685} = {8705FE0C-5AA7-4779-9337-49F162EBBCB5}
		{440DDFAC-9619-4A34-AB8F-F17E28D5F83E} = {8705FE0C-5AA7-4779-9337-49F162EBBCB5}
		{944A804B-0048-4E21-944F-8BF9341598ED} = {8705FE0C-5AA7-4779-9337-49F162EBBCB5}
		{2958C23B-BDDD-4AC2-A51A-3F7DE735FF5B} = {8705FE0C-5AA7-4779-9337-49F162EBBCB5}
		{3C78F002-9A81-46C6-AA6B-40A33B2FBD6C} = {8705FE0C-5AA7-4779-9337-49F162EBBCB5}
		{C74D5748-0F37-4472-B828-C0E0E7E4944B} = {8705FE0C-5AA7-4779-9337-49F162EBBCB5}
		{AF6D0F5E-61AA-4EE6-9027-A70F9827E93B} = {E3B81B9D-1FAB-4EBF-93B7-22821C42E959}
		{EB33723B-4401-459A-84A5-A8588B2410CE} = {AF6D0F5E-61AA-4EE6-9027-A70F9827E93B}
		{0D294410-7380-4E2A-A11C-1305EC2348EE} = {8705FE0C-5AA7-4779-9337-49F162EBBCB5}
		{D983D921-363B-43FC-9DFD-5FA6B8466C53} = {8705FE0C-5AA7-4779-9337-49F162EBBCB5}
	EndGlobalSection
	GlobalSection(ExtensibilityGlobals) = postSolution
		SolutionGuid = {005E2EE3-4770-4CD9-A798-D917840CEF51}
	EndGlobalSection
EndGlobal
