
Microsoft Visual Studio Solution File, Format Version 12.00
# Visual Studio Version 17
VisualStudioVersion = 17.0.31903.59
MinimumVisualStudioVersion = 10.0.40219.1
Project("{2150E333-8FDC-42A3-9474-1A3956D46DE8}") = "src", "src", "{A30B33C5-2A8E-4A2E-A849-FB15A802190D}"
EndProject
Project("{9A19103F-16F7-4668-BE54-9A1E7A4F7556}") = "Abstractions", "src\Abstractions\Abstractions.csproj", "{81B0C22E-BB78-498B-903A-07B90B863954}"
EndProject
Project("{FAE04EC0-301F-11D3-BF4B-00C04F79EFBC}") = "Shared", "src\Shared\Shared.csproj", "{680AE5C2-5DFB-448B-A53D-FA02B8DAF1FF}"
EndProject
Global
	GlobalSection(SolutionConfigurationPlatforms) = preSolution
		Debug|Any CPU = Debug|Any CPU
		Release|Any CPU = Release|Any CPU
	EndGlobalSection
	GlobalSection(ProjectConfigurationPlatforms) = postSolution
		{81B0C22E-BB78-498B-903A-07B90B863954}.Debug|Any CPU.ActiveCfg = Debug|Any CPU
		{81B0C22E-BB78-498B-903A-07B90B863954}.Debug|Any CPU.Build.0 = Debug|Any CPU
		{81B0C22E-BB78-498B-903A-07B90B863954}.Release|Any CPU.ActiveCfg = Release|Any CPU
		{81B0C22E-BB78-498B-903A-07B90B863954}.Release|Any CPU.Build.0 = Release|Any CPU
		{680AE5C2-5DFB-448B-A53D-FA02B8DAF1FF}.Debug|Any CPU.ActiveCfg = Debug|Any CPU
		{680AE5C2-5DFB-448B-A53D-FA02B8DAF1FF}.Debug|Any CPU.Build.0 = Debug|Any CPU
		{680AE5C2-5DFB-448B-A53D-FA02B8DAF1FF}.Release|Any CPU.ActiveCfg = Release|Any CPU
		{680AE5C2-5DFB-448B-A53D-FA02B8DAF1FF}.Release|Any CPU.Build.0 = Release|Any CPU
	EndGlobalSection
	GlobalSection(SolutionProperties) = preSolution
		HideSolutionNode = FALSE
	EndGlobalSection
	GlobalSection(NestedProjects) = preSolution
		{81B0C22E-BB78-498B-903A-07B90B863954} = {A30B33C5-2A8E-4A2E-A849-FB15A802190D}
		{680AE5C2-5DFB-448B-A53D-FA02B8DAF1FF} = {A30B33C5-2A8E-4A2E-A849-FB15A802190D}
	EndGlobalSection
	GlobalSection(ExtensibilityGlobals) = postSolution
		SolutionGuid = {74E9A1BD-8F4C-4205-8E45-EF743967D470}
	EndGlobalSection
EndGlobal
