
Microsoft Visual Studio Solution File, Format Version 12.00
# Visual Studio Version 17
VisualStudioVersion = 17.0.31521.260
MinimumVisualStudioVersion = 10.0.40219.1
Project("{2150E333-8FDC-42A3-9474-1A3956D46DE8}") = "src", "src", "{DBC87D14-6A31-4116-8248-851744EE8BCC}"
EndProject
Project("{2150E333-8FDC-42A3-9474-1A3956D46DE8}") = "samples", "samples", "{0C17C91C-3F7A-4D65-A338-9B7FEE26DE81}"
EndProject
Project("{9A19103F-16F7-4668-BE54-9A1E7A4F7556}") = "ReverseProxy.Config.Sample", "samples\ReverseProxy.Config.Sample\ReverseProxy.Config.Sample.csproj", "{CF498238-F0CE-4B9A-8FEB-7E0E313C8F6F}"
EndProject
Project("{2150E333-8FDC-42A3-9474-1A3956D46DE8}") = "test", "test", "{967397CF-BEDE-4BC7-8438-0C78C541E6BC}"
EndProject
Project("{9A19103F-16F7-4668-BE54-9A1E7A4F7556}") = "Microsoft.ReverseProxy.Tests.Common", "test\ReverseProxy.Tests.Common\Microsoft.ReverseProxy.Tests.Common.csproj", "{D442CF80-06AA-493A-A6A4-4E1C3C83BAA9}"
EndProject
Project("{9A19103F-16F7-4668-BE54-9A1E7A4F7556}") = "Yarp.ReverseProxy", "src\ReverseProxy\Yarp.ReverseProxy.csproj", "{8CEA569E-7380-4C88-B586-2DDE3C86D8FD}"
EndProject
Project("{9A19103F-16F7-4668-BE54-9A1E7A4F7556}") = "BasicYarpSample", "samples\BasicYarpSample\BasicYarpSample.csproj", "{A6FBEFE1-E055-47D0-85F5-BD66EFAAAF27}"
EndProject
Project("{9A19103F-16F7-4668-BE54-9A1E7A4F7556}") = "Yarp.ReverseProxy.Tests", "test\Yarp.ReverseProxy.Tests\Yarp.ReverseProxy.Tests.csproj", "{8A5B3793-3148-4F59-BE0F-07A37E119682}"
EndProject
Project("{9A19103F-16F7-4668-BE54-9A1E7A4F7556}") = "Yarp.ReverseProxy.Kubernetes.Controller", "src\Yarp.ReverseProxy.Kubernetes.Controller\Yarp.ReverseProxy.Kubernetes.Controller.csproj", "{FA40637B-BCA9-4676-A697-A10714205331}"
EndProject
Project("{2150E333-8FDC-42A3-9474-1A3956D46DE8}") = "OperatorFramework", "OperatorFramework", "{716F687B-2A7F-49DC-8F4A-5CF224844F93}"
EndProject
Project("{2150E333-8FDC-42A3-9474-1A3956D46DE8}") = "src", "src", "{0D58DED5-4CE9-472B-9EDE-A567826F4293}"
EndProject
Project("{9A19103F-16F7-4668-BE54-9A1E7A4F7556}") = "Microsoft.Kubernetes.Controller", "src\OperatorFramework\src\Controller\Microsoft.Kubernetes.Controller.csproj", "{AF5CFA0D-63C6-4A18-BA64-99F5E2ABC8D4}"
EndProject
Project("{9A19103F-16F7-4668-BE54-9A1E7A4F7556}") = "Microsoft.Kubernetes.Core", "src\OperatorFramework\src\Core\Microsoft.Kubernetes.Core.csproj", "{00547169-1B70-4AED-ACD3-BE46C44B73D0}"
EndProject
Project("{9A19103F-16F7-4668-BE54-9A1E7A4F7556}") = "Yarp.ReverseProxy.Kubernetes.Protocol", "src\Yarp.ReverseProxy.Kubernetes.Protocol\Yarp.ReverseProxy.Kubernetes.Protocol.csproj", "{25817F52-2F15-46DC-9205-1374DCD06D76}"
EndProject
Project("{9A19103F-16F7-4668-BE54-9A1E7A4F7556}") = "Microsoft.Kubernetes.ResourceKinds.OpenApi", "src\OperatorFramework\src\ResourceKinds.OpenApi\Microsoft.Kubernetes.ResourceKinds.OpenApi.csproj", "{FF2A0CED-CD24-4BB9-ADC4-ADCD08068A77}"
EndProject
Global
	GlobalSection(SolutionConfigurationPlatforms) = preSolution
		Debug|Any CPU = Debug|Any CPU
		Release|Any CPU = Release|Any CPU
	EndGlobalSection
	GlobalSection(ProjectConfigurationPlatforms) = postSolution
		{CF498238-F0CE-4B9A-8FEB-7E0E313C8F6F}.Debug|Any CPU.ActiveCfg = Debug|Any CPU
		{CF498238-F0CE-4B9A-8FEB-7E0E313C8F6F}.Debug|Any CPU.Build.0 = Debug|Any CPU
		{CF498238-F0CE-4B9A-8FEB-7E0E313C8F6F}.Release|Any CPU.ActiveCfg = Release|Any CPU
		{CF498238-F0CE-4B9A-8FEB-7E0E313C8F6F}.Release|Any CPU.Build.0 = Release|Any CPU
		{D442CF80-06AA-493A-A6A4-4E1C3C83BAA9}.Debug|Any CPU.ActiveCfg = Debug|Any CPU
		{D442CF80-06AA-493A-A6A4-4E1C3C83BAA9}.Debug|Any CPU.Build.0 = Debug|Any CPU
		{D442CF80-06AA-493A-A6A4-4E1C3C83BAA9}.Release|Any CPU.ActiveCfg = Release|Any CPU
		{D442CF80-06AA-493A-A6A4-4E1C3C83BAA9}.Release|Any CPU.Build.0 = Release|Any CPU
		{8CEA569E-7380-4C88-B586-2DDE3C86D8FD}.Debug|Any CPU.ActiveCfg = Debug|Any CPU
		{8CEA569E-7380-4C88-B586-2DDE3C86D8FD}.Debug|Any CPU.Build.0 = Debug|Any CPU
		{8CEA569E-7380-4C88-B586-2DDE3C86D8FD}.Release|Any CPU.ActiveCfg = Release|Any CPU
		{8CEA569E-7380-4C88-B586-2DDE3C86D8FD}.Release|Any CPU.Build.0 = Release|Any CPU
		{A6FBEFE1-E055-47D0-85F5-BD66EFAAAF27}.Debug|Any CPU.ActiveCfg = Debug|Any CPU
		{A6FBEFE1-E055-47D0-85F5-BD66EFAAAF27}.Debug|Any CPU.Build.0 = Debug|Any CPU
		{A6FBEFE1-E055-47D0-85F5-BD66EFAAAF27}.Release|Any CPU.ActiveCfg = Release|Any CPU
		{A6FBEFE1-E055-47D0-85F5-BD66EFAAAF27}.Release|Any CPU.Build.0 = Release|Any CPU
		{8A5B3793-3148-4F59-BE0F-07A37E119682}.Debug|Any CPU.ActiveCfg = Debug|Any CPU
		{8A5B3793-3148-4F59-BE0F-07A37E119682}.Debug|Any CPU.Build.0 = Debug|Any CPU
		{8A5B3793-3148-4F59-BE0F-07A37E119682}.Release|Any CPU.ActiveCfg = Release|Any CPU
		{8A5B3793-3148-4F59-BE0F-07A37E119682}.Release|Any CPU.Build.0 = Release|Any CPU
		{FA40637B-BCA9-4676-A697-A10714205331}.Debug|Any CPU.ActiveCfg = Debug|Any CPU
		{FA40637B-BCA9-4676-A697-A10714205331}.Debug|Any CPU.Build.0 = Debug|Any CPU
		{FA40637B-BCA9-4676-A697-A10714205331}.Release|Any CPU.ActiveCfg = Release|Any CPU
		{FA40637B-BCA9-4676-A697-A10714205331}.Release|Any CPU.Build.0 = Release|Any CPU
		{AF5CFA0D-63C6-4A18-BA64-99F5E2ABC8D4}.Debug|Any CPU.ActiveCfg = Debug|Any CPU
		{AF5CFA0D-63C6-4A18-BA64-99F5E2ABC8D4}.Debug|Any CPU.Build.0 = Debug|Any CPU
		{AF5CFA0D-63C6-4A18-BA64-99F5E2ABC8D4}.Release|Any CPU.ActiveCfg = Release|Any CPU
		{AF5CFA0D-63C6-4A18-BA64-99F5E2ABC8D4}.Release|Any CPU.Build.0 = Release|Any CPU
		{00547169-1B70-4AED-ACD3-BE46C44B73D0}.Debug|Any CPU.ActiveCfg = Debug|Any CPU
		{00547169-1B70-4AED-ACD3-BE46C44B73D0}.Debug|Any CPU.Build.0 = Debug|Any CPU
		{00547169-1B70-4AED-ACD3-BE46C44B73D0}.Release|Any CPU.ActiveCfg = Release|Any CPU
		{00547169-1B70-4AED-ACD3-BE46C44B73D0}.Release|Any CPU.Build.0 = Release|Any CPU
		{25817F52-2F15-46DC-9205-1374DCD06D76}.Debug|Any CPU.ActiveCfg = Debug|Any CPU
		{25817F52-2F15-46DC-9205-1374DCD06D76}.Debug|Any CPU.Build.0 = Debug|Any CPU
		{25817F52-2F15-46DC-9205-1374DCD06D76}.Release|Any CPU.ActiveCfg = Release|Any CPU
		{25817F52-2F15-46DC-9205-1374DCD06D76}.Release|Any CPU.Build.0 = Release|Any CPU
		{FF2A0CED-CD24-4BB9-ADC4-ADCD08068A77}.Debug|Any CPU.ActiveCfg = Debug|Any CPU
		{FF2A0CED-CD24-4BB9-ADC4-ADCD08068A77}.Debug|Any CPU.Build.0 = Debug|Any CPU
		{FF2A0CED-CD24-4BB9-ADC4-ADCD08068A77}.Release|Any CPU.ActiveCfg = Release|Any CPU
		{FF2A0CED-CD24-4BB9-ADC4-ADCD08068A77}.Release|Any CPU.Build.0 = Release|Any CPU
	EndGlobalSection
	GlobalSection(SolutionProperties) = preSolution
		HideSolutionNode = FALSE
	EndGlobalSection
	GlobalSection(NestedProjects) = preSolution
		{CF498238-F0CE-4B9A-8FEB-7E0E313C8F6F} = {0C17C91C-3F7A-4D65-A338-9B7FEE26DE81}
		{D442CF80-06AA-493A-A6A4-4E1C3C83BAA9} = {967397CF-BEDE-4BC7-8438-0C78C541E6BC}
		{8CEA569E-7380-4C88-B586-2DDE3C86D8FD} = {DBC87D14-6A31-4116-8248-851744EE8BCC}
		{A6FBEFE1-E055-47D0-85F5-BD66EFAAAF27} = {0C17C91C-3F7A-4D65-A338-9B7FEE26DE81}
		{8A5B3793-3148-4F59-BE0F-07A37E119682} = {967397CF-BEDE-4BC7-8438-0C78C541E6BC}
		{FA40637B-BCA9-4676-A697-A10714205331} = {DBC87D14-6A31-4116-8248-851744EE8BCC}
		{716F687B-2A7F-49DC-8F4A-5CF224844F93} = {DBC87D14-6A31-4116-8248-851744EE8BCC}
		{0D58DED5-4CE9-472B-9EDE-A567826F4293} = {716F687B-2A7F-49DC-8F4A-5CF224844F93}
		{AF5CFA0D-63C6-4A18-BA64-99F5E2ABC8D4} = {0D58DED5-4CE9-472B-9EDE-A567826F4293}
		{00547169-1B70-4AED-ACD3-BE46C44B73D0} = {0D58DED5-4CE9-472B-9EDE-A567826F4293}
		{25817F52-2F15-46DC-9205-1374DCD06D76} = {DBC87D14-6A31-4116-8248-851744EE8BCC}
		{FF2A0CED-CD24-4BB9-ADC4-ADCD08068A77} = {0D58DED5-4CE9-472B-9EDE-A567826F4293}
	EndGlobalSection
	GlobalSection(ExtensibilityGlobals) = postSolution
		SolutionGuid = {C4C52120-FA36-4C4B-8028-272C413FBEDD}
	EndGlobalSection
EndGlobal
